
Microsoft Visual Studio Solution File, Format Version 12.00
# Visual Studio Version 17
VisualStudioVersion = 17.4.33213.308
MinimumVisualStudioVersion = 10.0.40219.1
Project("{9A19103F-16F7-4668-BE54-9A1E7A4F7556}") = "SmartStock.DAL", "SmartStock.DAL\SmartStock.DAL.csproj", "{F4B7A27F-B2BD-4A77-BBDA-DBD74504A8A7}"
EndProject
Project("{9A19103F-16F7-4668-BE54-9A1E7A4F7556}") = "SmartStock.BLL", "SmartStock.BLL\SmartStock.BLL.csproj", "{0CC0D0AA-1D9B-4C17-8DCB-14665F06DA4A}"
EndProject
Project("{9A19103F-16F7-4668-BE54-9A1E7A4F7556}") = "SmartStock.WEB", "SmartStock.WEB\SmartStock.WEB.csproj", "{550079C4-BFF2-4AE8-A6AA-CB4D537B9B62}"
EndProject
Project("{9A19103F-16F7-4668-BE54-9A1E7A4F7556}") = "SmartStock.CORE", "SmartStock.CORE\SmartStock.CORE.csproj", "{F7496E0B-52F7-4D92-B790-C394B2B02E54}"
EndProject
Project("{9A19103F-16F7-4668-BE54-9A1E7A4F7556}") = "SmartStock.Tests", "SmartStock.Tests\SmartStock.Tests.csproj", "{949F571A-E23E-40ED-9D59-2CBA2E3E9823}"
EndProject
Project("{9A19103F-16F7-4668-BE54-9A1E7A4F7556}") = "SmartStock.ConsoleApp", "SmartStock.Console\SmartStock.ConsoleApp.csproj", "{572EF992-500B-484E-82C1-AB0B0341A842}"
EndProject
Global
	GlobalSection(SolutionConfigurationPlatforms) = preSolution
		Debug|Any CPU = Debug|Any CPU
		Release|Any CPU = Release|Any CPU
	EndGlobalSection
	GlobalSection(ProjectConfigurationPlatforms) = postSolution
		{F4B7A27F-B2BD-4A77-BBDA-DBD74504A8A7}.Debug|Any CPU.ActiveCfg = Debug|Any CPU
		{F4B7A27F-B2BD-4A77-BBDA-DBD74504A8A7}.Debug|Any CPU.Build.0 = Debug|Any CPU
		{F4B7A27F-B2BD-4A77-BBDA-DBD74504A8A7}.Release|Any CPU.ActiveCfg = Release|Any CPU
		{F4B7A27F-B2BD-4A77-BBDA-DBD74504A8A7}.Release|Any CPU.Build.0 = Release|Any CPU
		{0CC0D0AA-1D9B-4C17-8DCB-14665F06DA4A}.Debug|Any CPU.ActiveCfg = Debug|Any CPU
		{0CC0D0AA-1D9B-4C17-8DCB-14665F06DA4A}.Debug|Any CPU.Build.0 = Debug|Any CPU
		{0CC0D0AA-1D9B-4C17-8DCB-14665F06DA4A}.Release|Any CPU.ActiveCfg = Release|Any CPU
		{0CC0D0AA-1D9B-4C17-8DCB-14665F06DA4A}.Release|Any CPU.Build.0 = Release|Any CPU
		{550079C4-BFF2-4AE8-A6AA-CB4D537B9B62}.Debug|Any CPU.ActiveCfg = Debug|Any CPU
		{550079C4-BFF2-4AE8-A6AA-CB4D537B9B62}.Debug|Any CPU.Build.0 = Debug|Any CPU
		{550079C4-BFF2-4AE8-A6AA-CB4D537B9B62}.Release|Any CPU.ActiveCfg = Release|Any CPU
		{550079C4-BFF2-4AE8-A6AA-CB4D537B9B62}.Release|Any CPU.Build.0 = Release|Any CPU
		{F7496E0B-52F7-4D92-B790-C394B2B02E54}.Debug|Any CPU.ActiveCfg = Debug|Any CPU
		{F7496E0B-52F7-4D92-B790-C394B2B02E54}.Debug|Any CPU.Build.0 = Debug|Any CPU
		{F7496E0B-52F7-4D92-B790-C394B2B02E54}.Release|Any CPU.ActiveCfg = Release|Any CPU
		{F7496E0B-52F7-4D92-B790-C394B2B02E54}.Release|Any CPU.Build.0 = Release|Any CPU
		{949F571A-E23E-40ED-9D59-2CBA2E3E9823}.Debug|Any CPU.ActiveCfg = Debug|Any CPU
		{949F571A-E23E-40ED-9D59-2CBA2E3E9823}.Debug|Any CPU.Build.0 = Debug|Any CPU
		{949F571A-E23E-40ED-9D59-2CBA2E3E9823}.Release|Any CPU.ActiveCfg = Release|Any CPU
		{949F571A-E23E-40ED-9D59-2CBA2E3E9823}.Release|Any CPU.Build.0 = Release|Any CPU
		{572EF992-500B-484E-82C1-AB0B0341A842}.Debug|Any CPU.ActiveCfg = Debug|Any CPU
		{572EF992-500B-484E-82C1-AB0B0341A842}.Debug|Any CPU.Build.0 = Debug|Any CPU
		{572EF992-500B-484E-82C1-AB0B0341A842}.Release|Any CPU.ActiveCfg = Release|Any CPU
		{572EF992-500B-484E-82C1-AB0B0341A842}.Release|Any CPU.Build.0 = Release|Any CPU
	EndGlobalSection
	GlobalSection(SolutionProperties) = preSolution
		HideSolutionNode = FALSE
	EndGlobalSection
	GlobalSection(ExtensibilityGlobals) = postSolution
		SolutionGuid = {9FE295D6-6F56-407C-AB10-B47DA4997980}
	EndGlobalSection
EndGlobal
